
Microsoft Visual Studio Solution File, Format Version 12.00
# Visual Studio Version 17
VisualStudioVersion = 17.5.002.0
MinimumVisualStudioVersion = 10.0.40219.1
Project("{9A19103F-16F7-4668-BE54-9A1E7A4F7556}") = "Loja", "Loja.csproj", "{B419B2C3-6511-449F-BB1A-E9E220ADB1EE}"
EndProject
Global
	GlobalSection(SolutionConfigurationPlatforms) = preSolution
		Debug|Any CPU = Debug|Any CPU
		Release|Any CPU = Release|Any CPU
	EndGlobalSection
	GlobalSection(ProjectConfigurationPlatforms) = postSolution
		{B419B2C3-6511-449F-BB1A-E9E220ADB1EE}.Debug|Any CPU.ActiveCfg = Debug|Any CPU
		{B419B2C3-6511-449F-BB1A-E9E220ADB1EE}.Debug|Any CPU.Build.0 = Debug|Any CPU
		{B419B2C3-6511-449F-BB1A-E9E220ADB1EE}.Release|Any CPU.ActiveCfg = Release|Any CPU
		{B419B2C3-6511-449F-BB1A-E9E220ADB1EE}.Release|Any CPU.Build.0 = Release|Any CPU
	EndGlobalSection
	GlobalSection(SolutionProperties) = preSolution
		HideSolutionNode = FALSE
	EndGlobalSection
	GlobalSection(ExtensibilityGlobals) = postSolution
		SolutionGuid = {3A65A17A-74F4-42C6-BEC3-C3703B7375E0}
	EndGlobalSection
EndGlobal
